
Microsoft Visual Studio Solution File, Format Version 12.00
# Visual Studio 14
VisualStudioVersion = 14.0.25123.0
MinimumVisualStudioVersion = 10.0.40219.1
Project("{FAE04EC0-301F-11D3-BF4B-00C04F79EFBC}") = "XamarinConnect.Droid", "XamarinConnect\XamarinConnect.Droid\XamarinConnect.Droid.csproj", "{95965811-FBC3-495D-AFC1-B476F5A9BE71}"
EndProject
Project("{FAE04EC0-301F-11D3-BF4B-00C04F79EFBC}") = "XamarinConnect.iOS", "XamarinConnect\XamarinConnect.iOS\XamarinConnect.iOS.csproj", "{4616682D-9DB7-40F1-8ACB-D16154034C54}"
EndProject
Project("{FAE04EC0-301F-11D3-BF4B-00C04F79EFBC}") = "XamarinConnect.UWP", "XamarinConnect\XamarinConnect.UWP\XamarinConnect.UWP.csproj", "{E7207B52-B6A8-4760-99B7-BD582ABD5B0E}"
EndProject
Project("{FAE04EC0-301F-11D3-BF4B-00C04F79EFBC}") = "XamarinConnect", "XamarinConnect\XamarinConnect\XamarinConnect.csproj", "{43511473-9C1F-4EF9-8AC7-99D1ED146AEF}"
EndProject
Global
	GlobalSection(SolutionConfigurationPlatforms) = preSolution
		Ad-Hoc|Any CPU = Ad-Hoc|Any CPU
		Ad-Hoc|ARM = Ad-Hoc|ARM
		Ad-Hoc|iPhone = Ad-Hoc|iPhone
		Ad-Hoc|iPhoneSimulator = Ad-Hoc|iPhoneSimulator
		Ad-Hoc|x64 = Ad-Hoc|x64
		Ad-Hoc|x86 = Ad-Hoc|x86
		AppStore|Any CPU = AppStore|Any CPU
		AppStore|ARM = AppStore|ARM
		AppStore|iPhone = AppStore|iPhone
		AppStore|iPhoneSimulator = AppStore|iPhoneSimulator
		AppStore|x64 = AppStore|x64
		AppStore|x86 = AppStore|x86
		Debug|Any CPU = Debug|Any CPU
		Debug|ARM = Debug|ARM
		Debug|iPhone = Debug|iPhone
		Debug|iPhoneSimulator = Debug|iPhoneSimulator
		Debug|x64 = Debug|x64
		Debug|x86 = Debug|x86
		Release|Any CPU = Release|Any CPU
		Release|ARM = Release|ARM
		Release|iPhone = Release|iPhone
		Release|iPhoneSimulator = Release|iPhoneSimulator
		Release|x64 = Release|x64
		Release|x86 = Release|x86
	EndGlobalSection
	GlobalSection(ProjectConfigurationPlatforms) = postSolution
		{95965811-FBC3-495D-AFC1-B476F5A9BE71}.Ad-Hoc|Any CPU.ActiveCfg = Release|Any CPU
		{95965811-FBC3-495D-AFC1-B476F5A9BE71}.Ad-Hoc|Any CPU.Build.0 = Release|Any CPU
		{95965811-FBC3-495D-AFC1-B476F5A9BE71}.Ad-Hoc|Any CPU.Deploy.0 = Release|Any CPU
		{95965811-FBC3-495D-AFC1-B476F5A9BE71}.Ad-Hoc|ARM.ActiveCfg = Release|Any CPU
		{95965811-FBC3-495D-AFC1-B476F5A9BE71}.Ad-Hoc|ARM.Build.0 = Release|Any CPU
		{95965811-FBC3-495D-AFC1-B476F5A9BE71}.Ad-Hoc|ARM.Deploy.0 = Release|Any CPU
		{95965811-FBC3-495D-AFC1-B476F5A9BE71}.Ad-Hoc|iPhone.ActiveCfg = Release|Any CPU
		{95965811-FBC3-495D-AFC1-B476F5A9BE71}.Ad-Hoc|iPhone.Build.0 = Release|Any CPU
		{95965811-FBC3-495D-AFC1-B476F5A9BE71}.Ad-Hoc|iPhone.Deploy.0 = Release|Any CPU
		{95965811-FBC3-495D-AFC1-B476F5A9BE71}.Ad-Hoc|iPhoneSimulator.ActiveCfg = Release|Any CPU
		{95965811-FBC3-495D-AFC1-B476F5A9BE71}.Ad-Hoc|iPhoneSimulator.Build.0 = Release|Any CPU
		{95965811-FBC3-495D-AFC1-B476F5A9BE71}.Ad-Hoc|iPhoneSimulator.Deploy.0 = Release|Any CPU
		{95965811-FBC3-495D-AFC1-B476F5A9BE71}.Ad-Hoc|x64.ActiveCfg = Release|Any CPU
		{95965811-FBC3-495D-AFC1-B476F5A9BE71}.Ad-Hoc|x64.Build.0 = Release|Any CPU
		{95965811-FBC3-495D-AFC1-B476F5A9BE71}.Ad-Hoc|x64.Deploy.0 = Release|Any CPU
		{95965811-FBC3-495D-AFC1-B476F5A9BE71}.Ad-Hoc|x86.ActiveCfg = Release|Any CPU
		{95965811-FBC3-495D-AFC1-B476F5A9BE71}.Ad-Hoc|x86.Build.0 = Release|Any CPU
		{95965811-FBC3-495D-AFC1-B476F5A9BE71}.Ad-Hoc|x86.Deploy.0 = Release|Any CPU
		{95965811-FBC3-495D-AFC1-B476F5A9BE71}.AppStore|Any CPU.ActiveCfg = Release|Any CPU
		{95965811-FBC3-495D-AFC1-B476F5A9BE71}.AppStore|Any CPU.Build.0 = Release|Any CPU
		{95965811-FBC3-495D-AFC1-B476F5A9BE71}.AppStore|Any CPU.Deploy.0 = Release|Any CPU
		{95965811-FBC3-495D-AFC1-B476F5A9BE71}.AppStore|ARM.ActiveCfg = Release|Any CPU
		{95965811-FBC3-495D-AFC1-B476F5A9BE71}.AppStore|ARM.Build.0 = Release|Any CPU
		{95965811-FBC3-495D-AFC1-B476F5A9BE71}.AppStore|ARM.Deploy.0 = Release|Any CPU
		{95965811-FBC3-495D-AFC1-B476F5A9BE71}.AppStore|iPhone.ActiveCfg = Release|Any CPU
		{95965811-FBC3-495D-AFC1-B476F5A9BE71}.AppStore|iPhone.Build.0 = Release|Any CPU
		{95965811-FBC3-495D-AFC1-B476F5A9BE71}.AppStore|iPhone.Deploy.0 = Release|Any CPU
		{95965811-FBC3-495D-AFC1-B476F5A9BE71}.AppStore|iPhoneSimulator.ActiveCfg = Release|Any CPU
		{95965811-FBC3-495D-AFC1-B476F5A9BE71}.AppStore|iPhoneSimulator.Build.0 = Release|Any CPU
		{95965811-FBC3-495D-AFC1-B476F5A9BE71}.AppStore|iPhoneSimulator.Deploy.0 = Release|Any CPU
		{95965811-FBC3-495D-AFC1-B476F5A9BE71}.AppStore|x64.ActiveCfg = Release|Any CPU
		{95965811-FBC3-495D-AFC1-B476F5A9BE71}.AppStore|x64.Build.0 = Release|Any CPU
		{95965811-FBC3-495D-AFC1-B476F5A9BE71}.AppStore|x64.Deploy.0 = Release|Any CPU
		{95965811-FBC3-495D-AFC1-B476F5A9BE71}.AppStore|x86.ActiveCfg = Release|Any CPU
		{95965811-FBC3-495D-AFC1-B476F5A9BE71}.AppStore|x86.Build.0 = Release|Any CPU
		{95965811-FBC3-495D-AFC1-B476F5A9BE71}.AppStore|x86.Deploy.0 = Release|Any CPU
		{95965811-FBC3-495D-AFC1-B476F5A9BE71}.Debug|Any CPU.ActiveCfg = Debug|Any CPU
		{95965811-FBC3-495D-AFC1-B476F5A9BE71}.Debug|Any CPU.Build.0 = Debug|Any CPU
		{95965811-FBC3-495D-AFC1-B476F5A9BE71}.Debug|Any CPU.Deploy.0 = Debug|Any CPU
		{95965811-FBC3-495D-AFC1-B476F5A9BE71}.Debug|ARM.ActiveCfg = Debug|Any CPU
		{95965811-FBC3-495D-AFC1-B476F5A9BE71}.Debug|ARM.Build.0 = Debug|Any CPU
		{95965811-FBC3-495D-AFC1-B476F5A9BE71}.Debug|ARM.Deploy.0 = Debug|Any CPU
		{95965811-FBC3-495D-AFC1-B476F5A9BE71}.Debug|iPhone.ActiveCfg = Debug|Any CPU
		{95965811-FBC3-495D-AFC1-B476F5A9BE71}.Debug|iPhone.Build.0 = Debug|Any CPU
		{95965811-FBC3-495D-AFC1-B476F5A9BE71}.Debug|iPhone.Deploy.0 = Debug|Any CPU
		{95965811-FBC3-495D-AFC1-B476F5A9BE71}.Debug|iPhoneSimulator.ActiveCfg = Debug|Any CPU
		{95965811-FBC3-495D-AFC1-B476F5A9BE71}.Debug|iPhoneSimulator.Build.0 = Debug|Any CPU
		{95965811-FBC3-495D-AFC1-B476F5A9BE71}.Debug|iPhoneSimulator.Deploy.0 = Debug|Any CPU
		{95965811-FBC3-495D-AFC1-B476F5A9BE71}.Debug|x64.ActiveCfg = Debug|Any CPU
		{95965811-FBC3-495D-AFC1-B476F5A9BE71}.Debug|x64.Build.0 = Debug|Any CPU
		{95965811-FBC3-495D-AFC1-B476F5A9BE71}.Debug|x64.Deploy.0 = Debug|Any CPU
		{95965811-FBC3-495D-AFC1-B476F5A9BE71}.Debug|x86.ActiveCfg = Debug|Any CPU
		{95965811-FBC3-495D-AFC1-B476F5A9BE71}.Debug|x86.Build.0 = Debug|Any CPU
		{95965811-FBC3-495D-AFC1-B476F5A9BE71}.Debug|x86.Deploy.0 = Debug|Any CPU
		{95965811-FBC3-495D-AFC1-B476F5A9BE71}.Release|Any CPU.ActiveCfg = Release|Any CPU
		{95965811-FBC3-495D-AFC1-B476F5A9BE71}.Release|Any CPU.Build.0 = Release|Any CPU
		{95965811-FBC3-495D-AFC1-B476F5A9BE71}.Release|Any CPU.Deploy.0 = Release|Any CPU
		{95965811-FBC3-495D-AFC1-B476F5A9BE71}.Release|ARM.ActiveCfg = Release|Any CPU
		{95965811-FBC3-495D-AFC1-B476F5A9BE71}.Release|ARM.Build.0 = Release|Any CPU
		{95965811-FBC3-495D-AFC1-B476F5A9BE71}.Release|ARM.Deploy.0 = Release|Any CPU
		{95965811-FBC3-495D-AFC1-B476F5A9BE71}.Release|iPhone.ActiveCfg = Release|Any CPU
		{95965811-FBC3-495D-AFC1-B476F5A9BE71}.Release|iPhone.Build.0 = Release|Any CPU
		{95965811-FBC3-495D-AFC1-B476F5A9BE71}.Release|iPhone.Deploy.0 = Release|Any CPU
		{95965811-FBC3-495D-AFC1-B476F5A9BE71}.Release|iPhoneSimulator.ActiveCfg = Release|Any CPU
		{95965811-FBC3-495D-AFC1-B476F5A9BE71}.Release|iPhoneSimulator.Build.0 = Release|Any CPU
		{95965811-FBC3-495D-AFC1-B476F5A9BE71}.Release|iPhoneSimulator.Deploy.0 = Release|Any CPU
		{95965811-FBC3-495D-AFC1-B476F5A9BE71}.Release|x64.ActiveCfg = Release|Any CPU
		{95965811-FBC3-495D-AFC1-B476F5A9BE71}.Release|x64.Build.0 = Release|Any CPU
		{95965811-FBC3-495D-AFC1-B476F5A9BE71}.Release|x64.Deploy.0 = Release|Any CPU
		{95965811-FBC3-495D-AFC1-B476F5A9BE71}.Release|x86.ActiveCfg = Release|Any CPU
		{95965811-FBC3-495D-AFC1-B476F5A9BE71}.Release|x86.Build.0 = Release|Any CPU
		{95965811-FBC3-495D-AFC1-B476F5A9BE71}.Release|x86.Deploy.0 = Release|Any CPU
		{4616682D-9DB7-40F1-8ACB-D16154034C54}.Ad-Hoc|Any CPU.ActiveCfg = Ad-Hoc|iPhone
		{4616682D-9DB7-40F1-8ACB-D16154034C54}.Ad-Hoc|ARM.ActiveCfg = Ad-Hoc|iPhone
		{4616682D-9DB7-40F1-8ACB-D16154034C54}.Ad-Hoc|iPhone.ActiveCfg = Ad-Hoc|iPhone
		{4616682D-9DB7-40F1-8ACB-D16154034C54}.Ad-Hoc|iPhone.Build.0 = Ad-Hoc|iPhone
		{4616682D-9DB7-40F1-8ACB-D16154034C54}.Ad-Hoc|iPhoneSimulator.ActiveCfg = Ad-Hoc|iPhoneSimulator
		{4616682D-9DB7-40F1-8ACB-D16154034C54}.Ad-Hoc|iPhoneSimulator.Build.0 = Ad-Hoc|iPhoneSimulator
		{4616682D-9DB7-40F1-8ACB-D16154034C54}.Ad-Hoc|x64.ActiveCfg = Ad-Hoc|iPhone
		{4616682D-9DB7-40F1-8ACB-D16154034C54}.Ad-Hoc|x86.ActiveCfg = Ad-Hoc|iPhone
		{4616682D-9DB7-40F1-8ACB-D16154034C54}.AppStore|Any CPU.ActiveCfg = AppStore|iPhone
		{4616682D-9DB7-40F1-8ACB-D16154034C54}.AppStore|ARM.ActiveCfg = AppStore|iPhone
		{4616682D-9DB7-40F1-8ACB-D16154034C54}.AppStore|iPhone.ActiveCfg = AppStore|iPhone
		{4616682D-9DB7-40F1-8ACB-D16154034C54}.AppStore|iPhone.Build.0 = AppStore|iPhone
		{4616682D-9DB7-40F1-8ACB-D16154034C54}.AppStore|iPhoneSimulator.ActiveCfg = AppStore|iPhoneSimulator
		{4616682D-9DB7-40F1-8ACB-D16154034C54}.AppStore|iPhoneSimulator.Build.0 = AppStore|iPhoneSimulator
		{4616682D-9DB7-40F1-8ACB-D16154034C54}.AppStore|x64.ActiveCfg = AppStore|iPhone
		{4616682D-9DB7-40F1-8ACB-D16154034C54}.AppStore|x86.ActiveCfg = AppStore|iPhone
		{4616682D-9DB7-40F1-8ACB-D16154034C54}.Debug|Any CPU.ActiveCfg = Debug|iPhone
		{4616682D-9DB7-40F1-8ACB-D16154034C54}.Debug|ARM.ActiveCfg = Debug|iPhone
		{4616682D-9DB7-40F1-8ACB-D16154034C54}.Debug|iPhone.ActiveCfg = Debug|iPhone
		{4616682D-9DB7-40F1-8ACB-D16154034C54}.Debug|iPhone.Build.0 = Debug|iPhone
		{4616682D-9DB7-40F1-8ACB-D16154034C54}.Debug|iPhoneSimulator.ActiveCfg = Debug|iPhoneSimulator
		{4616682D-9DB7-40F1-8ACB-D16154034C54}.Debug|iPhoneSimulator.Build.0 = Debug|iPhoneSimulator
		{4616682D-9DB7-40F1-8ACB-D16154034C54}.Debug|x64.ActiveCfg = Debug|iPhone
		{4616682D-9DB7-40F1-8ACB-D16154034C54}.Debug|x86.ActiveCfg = Debug|iPhone
		{4616682D-9DB7-40F1-8ACB-D16154034C54}.Release|Any CPU.ActiveCfg = Release|iPhone
		{4616682D-9DB7-40F1-8ACB-D16154034C54}.Release|ARM.ActiveCfg = Release|iPhone
		{4616682D-9DB7-40F1-8ACB-D16154034C54}.Release|iPhone.ActiveCfg = Release|iPhone
		{4616682D-9DB7-40F1-8ACB-D16154034C54}.Release|iPhone.Build.0 = Release|iPhone
		{4616682D-9DB7-40F1-8ACB-D16154034C54}.Release|iPhoneSimulator.ActiveCfg = Release|iPhoneSimulator
		{4616682D-9DB7-40F1-8ACB-D16154034C54}.Release|iPhoneSimulator.Build.0 = Release|iPhoneSimulator
		{4616682D-9DB7-40F1-8ACB-D16154034C54}.Release|x64.ActiveCfg = Release|iPhone
		{4616682D-9DB7-40F1-8ACB-D16154034C54}.Release|x86.ActiveCfg = Release|iPhone
		{E7207B52-B6A8-4760-99B7-BD582ABD5B0E}.Ad-Hoc|Any CPU.ActiveCfg = Release|x86
		{E7207B52-B6A8-4760-99B7-BD582ABD5B0E}.Ad-Hoc|Any CPU.Build.0 = Release|x86
		{E7207B52-B6A8-4760-99B7-BD582ABD5B0E}.Ad-Hoc|Any CPU.Deploy.0 = Release|x86
		{E7207B52-B6A8-4760-99B7-BD582ABD5B0E}.Ad-Hoc|ARM.ActiveCfg = Release|ARM
		{E7207B52-B6A8-4760-99B7-BD582ABD5B0E}.Ad-Hoc|ARM.Build.0 = Release|ARM
		{E7207B52-B6A8-4760-99B7-BD582ABD5B0E}.Ad-Hoc|ARM.Deploy.0 = Release|ARM
		{E7207B52-B6A8-4760-99B7-BD582ABD5B0E}.Ad-Hoc|iPhone.ActiveCfg = Release|x86
		{E7207B52-B6A8-4760-99B7-BD582ABD5B0E}.Ad-Hoc|iPhone.Build.0 = Release|x86
		{E7207B52-B6A8-4760-99B7-BD582ABD5B0E}.Ad-Hoc|iPhone.Deploy.0 = Release|x86
		{E7207B52-B6A8-4760-99B7-BD582ABD5B0E}.Ad-Hoc|iPhoneSimulator.ActiveCfg = Release|x86
		{E7207B52-B6A8-4760-99B7-BD582ABD5B0E}.Ad-Hoc|iPhoneSimulator.Build.0 = Release|x86
		{E7207B52-B6A8-4760-99B7-BD582ABD5B0E}.Ad-Hoc|iPhoneSimulator.Deploy.0 = Release|x86
		{E7207B52-B6A8-4760-99B7-BD582ABD5B0E}.Ad-Hoc|x64.ActiveCfg = Release|x64
		{E7207B52-B6A8-4760-99B7-BD582ABD5B0E}.Ad-Hoc|x64.Build.0 = Release|x64
		{E7207B52-B6A8-4760-99B7-BD582ABD5B0E}.Ad-Hoc|x64.Deploy.0 = Release|x64
		{E7207B52-B6A8-4760-99B7-BD582ABD5B0E}.Ad-Hoc|x86.ActiveCfg = Release|x86
		{E7207B52-B6A8-4760-99B7-BD582ABD5B0E}.Ad-Hoc|x86.Build.0 = Release|x86
		{E7207B52-B6A8-4760-99B7-BD582ABD5B0E}.Ad-Hoc|x86.Deploy.0 = Release|x86
		{E7207B52-B6A8-4760-99B7-BD582ABD5B0E}.AppStore|Any CPU.ActiveCfg = Release|x86
		{E7207B52-B6A8-4760-99B7-BD582ABD5B0E}.AppStore|Any CPU.Build.0 = Release|x86
		{E7207B52-B6A8-4760-99B7-BD582ABD5B0E}.AppStore|Any CPU.Deploy.0 = Release|x86
		{E7207B52-B6A8-4760-99B7-BD582ABD5B0E}.AppStore|ARM.ActiveCfg = Release|ARM
		{E7207B52-B6A8-4760-99B7-BD582ABD5B0E}.AppStore|ARM.Build.0 = Release|ARM
		{E7207B52-B6A8-4760-99B7-BD582ABD5B0E}.AppStore|ARM.Deploy.0 = Release|ARM
		{E7207B52-B6A8-4760-99B7-BD582ABD5B0E}.AppStore|iPhone.ActiveCfg = Release|x86
		{E7207B52-B6A8-4760-99B7-BD582ABD5B0E}.AppStore|iPhone.Build.0 = Release|x86
		{E7207B52-B6A8-4760-99B7-BD582ABD5B0E}.AppStore|iPhone.Deploy.0 = Release|x86
		{E7207B52-B6A8-4760-99B7-BD582ABD5B0E}.AppStore|iPhoneSimulator.ActiveCfg = Release|x86
		{E7207B52-B6A8-4760-99B7-BD582ABD5B0E}.AppStore|iPhoneSimulator.Build.0 = Release|x86
		{E7207B52-B6A8-4760-99B7-BD582ABD5B0E}.AppStore|iPhoneSimulator.Deploy.0 = Release|x86
		{E7207B52-B6A8-4760-99B7-BD582ABD5B0E}.AppStore|x64.ActiveCfg = Release|x64
		{E7207B52-B6A8-4760-99B7-BD582ABD5B0E}.AppStore|x64.Build.0 = Release|x64
		{E7207B52-B6A8-4760-99B7-BD582ABD5B0E}.AppStore|x64.Deploy.0 = Release|x64
		{E7207B52-B6A8-4760-99B7-BD582ABD5B0E}.AppStore|x86.ActiveCfg = Release|x86
		{E7207B52-B6A8-4760-99B7-BD582ABD5B0E}.AppStore|x86.Build.0 = Release|x86
		{E7207B52-B6A8-4760-99B7-BD582ABD5B0E}.AppStore|x86.Deploy.0 = Release|x86
		{E7207B52-B6A8-4760-99B7-BD582ABD5B0E}.Debug|Any CPU.ActiveCfg = Debug|x86
		{E7207B52-B6A8-4760-99B7-BD582ABD5B0E}.Debug|ARM.ActiveCfg = Debug|ARM
		{E7207B52-B6A8-4760-99B7-BD582ABD5B0E}.Debug|ARM.Build.0 = Debug|ARM
		{E7207B52-B6A8-4760-99B7-BD582ABD5B0E}.Debug|ARM.Deploy.0 = Debug|ARM
		{E7207B52-B6A8-4760-99B7-BD582ABD5B0E}.Debug|iPhone.ActiveCfg = Debug|x86
		{E7207B52-B6A8-4760-99B7-BD582ABD5B0E}.Debug|iPhoneSimulator.ActiveCfg = Debug|x86
		{E7207B52-B6A8-4760-99B7-BD582ABD5B0E}.Debug|x64.ActiveCfg = Debug|x64
		{E7207B52-B6A8-4760-99B7-BD582ABD5B0E}.Debug|x64.Build.0 = Debug|x64
		{E7207B52-B6A8-4760-99B7-BD582ABD5B0E}.Debug|x64.Deploy.0 = Debug|x64
		{E7207B52-B6A8-4760-99B7-BD582ABD5B0E}.Debug|x86.ActiveCfg = Debug|x86
		{E7207B52-B6A8-4760-99B7-BD582ABD5B0E}.Debug|x86.Build.0 = Debug|x86
		{E7207B52-B6A8-4760-99B7-BD582ABD5B0E}.Debug|x86.Deploy.0 = Debug|x86
		{E7207B52-B6A8-4760-99B7-BD582ABD5B0E}.Release|Any CPU.ActiveCfg = Release|x86
		{E7207B52-B6A8-4760-99B7-BD582ABD5B0E}.Release|ARM.ActiveCfg = Release|ARM
		{E7207B52-B6A8-4760-99B7-BD582ABD5B0E}.Release|ARM.Build.0 = Release|ARM
		{E7207B52-B6A8-4760-99B7-BD582ABD5B0E}.Release|ARM.Deploy.0 = Release|ARM
		{E7207B52-B6A8-4760-99B7-BD582ABD5B0E}.Release|iPhone.ActiveCfg = Release|x86
		{E7207B52-B6A8-4760-99B7-BD582ABD5B0E}.Release|iPhoneSimulator.ActiveCfg = Release|x86
		{E7207B52-B6A8-4760-99B7-BD582ABD5B0E}.Release|x64.ActiveCfg = Release|x64
		{E7207B52-B6A8-4760-99B7-BD582ABD5B0E}.Release|x64.Build.0 = Release|x64
		{E7207B52-B6A8-4760-99B7-BD582ABD5B0E}.Release|x64.Deploy.0 = Release|x64
		{E7207B52-B6A8-4760-99B7-BD582ABD5B0E}.Release|x86.ActiveCfg = Release|x86
		{E7207B52-B6A8-4760-99B7-BD582ABD5B0E}.Release|x86.Build.0 = Release|x86
		{E7207B52-B6A8-4760-99B7-BD582ABD5B0E}.Release|x86.Deploy.0 = Release|x86
		{43511473-9C1F-4EF9-8AC7-99D1ED146AEF}.Ad-Hoc|Any CPU.ActiveCfg = Release|Any CPU
		{43511473-9C1F-4EF9-8AC7-99D1ED146AEF}.Ad-Hoc|Any CPU.Build.0 = Release|Any CPU
		{43511473-9C1F-4EF9-8AC7-99D1ED146AEF}.Ad-Hoc|ARM.ActiveCfg = Release|Any CPU
		{43511473-9C1F-4EF9-8AC7-99D1ED146AEF}.Ad-Hoc|ARM.Build.0 = Release|Any CPU
		{43511473-9C1F-4EF9-8AC7-99D1ED146AEF}.Ad-Hoc|iPhone.ActiveCfg = Release|Any CPU
		{43511473-9C1F-4EF9-8AC7-99D1ED146AEF}.Ad-Hoc|iPhone.Build.0 = Release|Any CPU
		{43511473-9C1F-4EF9-8AC7-99D1ED146AEF}.Ad-Hoc|iPhoneSimulator.ActiveCfg = Release|Any CPU
		{43511473-9C1F-4EF9-8AC7-99D1ED146AEF}.Ad-Hoc|iPhoneSimulator.Build.0 = Release|Any CPU
		{43511473-9C1F-4EF9-8AC7-99D1ED146AEF}.Ad-Hoc|x64.ActiveCfg = Release|Any CPU
		{43511473-9C1F-4EF9-8AC7-99D1ED146AEF}.Ad-Hoc|x64.Build.0 = Release|Any CPU
		{43511473-9C1F-4EF9-8AC7-99D1ED146AEF}.Ad-Hoc|x86.ActiveCfg = Release|Any CPU
		{43511473-9C1F-4EF9-8AC7-99D1ED146AEF}.Ad-Hoc|x86.Build.0 = Release|Any CPU
		{43511473-9C1F-4EF9-8AC7-99D1ED146AEF}.AppStore|Any CPU.ActiveCfg = Release|Any CPU
		{43511473-9C1F-4EF9-8AC7-99D1ED146AEF}.AppStore|Any CPU.Build.0 = Release|Any CPU
		{43511473-9C1F-4EF9-8AC7-99D1ED146AEF}.AppStore|ARM.ActiveCfg = Release|Any CPU
		{43511473-9C1F-4EF9-8AC7-99D1ED146AEF}.AppStore|ARM.Build.0 = Release|Any CPU
		{43511473-9C1F-4EF9-8AC7-99D1ED146AEF}.AppStore|iPhone.ActiveCfg = Release|Any CPU
		{43511473-9C1F-4EF9-8AC7-99D1ED146AEF}.AppStore|iPhone.Build.0 = Release|Any CPU
		{43511473-9C1F-4EF9-8AC7-99D1ED146AEF}.AppStore|iPhoneSimulator.ActiveCfg = Release|Any CPU
		{43511473-9C1F-4EF9-8AC7-99D1ED146AEF}.AppStore|iPhoneSimulator.Build.0 = Release|Any CPU
		{43511473-9C1F-4EF9-8AC7-99D1ED146AEF}.AppStore|x64.ActiveCfg = Release|Any CPU
		{43511473-9C1F-4EF9-8AC7-99D1ED146AEF}.AppStore|x64.Build.0 = Release|Any CPU
		{43511473-9C1F-4EF9-8AC7-99D1ED146AEF}.AppStore|x86.ActiveCfg = Release|Any CPU
		{43511473-9C1F-4EF9-8AC7-99D1ED146AEF}.AppStore|x86.Build.0 = Release|Any CPU
		{43511473-9C1F-4EF9-8AC7-99D1ED146AEF}.Debug|Any CPU.ActiveCfg = Debug|Any CPU
		{43511473-9C1F-4EF9-8AC7-99D1ED146AEF}.Debug|Any CPU.Build.0 = Debug|Any CPU
		{43511473-9C1F-4EF9-8AC7-99D1ED146AEF}.Debug|ARM.ActiveCfg = Debug|Any CPU
		{43511473-9C1F-4EF9-8AC7-99D1ED146AEF}.Debug|ARM.Build.0 = Debug|Any CPU
		{43511473-9C1F-4EF9-8AC7-99D1ED146AEF}.Debug|iPhone.ActiveCfg = Debug|Any CPU
		{43511473-9C1F-4EF9-8AC7-99D1ED146AEF}.Debug|iPhone.Build.0 = Debug|Any CPU
		{43511473-9C1F-4EF9-8AC7-99D1ED146AEF}.Debug|iPhoneSimulator.ActiveCfg = Debug|Any CPU
		{43511473-9C1F-4EF9-8AC7-99D1ED146AEF}.Debug|iPhoneSimulator.Build.0 = Debug|Any CPU
		{43511473-9C1F-4EF9-8AC7-99D1ED146AEF}.Debug|x64.ActiveCfg = Debug|Any CPU
		{43511473-9C1F-4EF9-8AC7-99D1ED146AEF}.Debug|x64.Build.0 = Debug|Any CPU
		{43511473-9C1F-4EF9-8AC7-99D1ED146AEF}.Debug|x86.ActiveCfg = Debug|Any CPU
		{43511473-9C1F-4EF9-8AC7-99D1ED146AEF}.Debug|x86.Build.0 = Debug|Any CPU
		{43511473-9C1F-4EF9-8AC7-99D1ED146AEF}.Release|Any CPU.ActiveCfg = Release|Any CPU
		{43511473-9C1F-4EF9-8AC7-99D1ED146AEF}.Release|Any CPU.Build.0 = Release|Any CPU
		{43511473-9C1F-4EF9-8AC7-99D1ED146AEF}.Release|ARM.ActiveCfg = Release|Any CPU
		{43511473-9C1F-4EF9-8AC7-99D1ED146AEF}.Release|ARM.Build.0 = Release|Any CPU
		{43511473-9C1F-4EF9-8AC7-99D1ED146AEF}.Release|iPhone.ActiveCfg = Release|Any CPU
		{43511473-9C1F-4EF9-8AC7-99D1ED146AEF}.Release|iPhone.Build.0 = Release|Any CPU
		{43511473-9C1F-4EF9-8AC7-99D1ED146AEF}.Release|iPhoneSimulator.ActiveCfg = Release|Any CPU
		{43511473-9C1F-4EF9-8AC7-99D1ED146AEF}.Release|iPhoneSimulator.Build.0 = Release|Any CPU
		{43511473-9C1F-4EF9-8AC7-99D1ED146AEF}.Release|x64.ActiveCfg = Release|Any CPU
		{43511473-9C1F-4EF9-8AC7-99D1ED146AEF}.Release|x64.Build.0 = Release|Any CPU
		{43511473-9C1F-4EF9-8AC7-99D1ED146AEF}.Release|x86.ActiveCfg = Release|Any CPU
		{43511473-9C1F-4EF9-8AC7-99D1ED146AEF}.Release|x86.Build.0 = Release|Any CPU
	EndGlobalSection
	GlobalSection(SolutionProperties) = preSolution
		HideSolutionNode = FALSE
	EndGlobalSection
EndGlobal
